
Microsoft Visual Studio Solution File, Format Version 12.00
# Visual Studio Version 17
VisualStudioVersion = 17.8.34408.163
MinimumVisualStudioVersion = 10.0.40219.1
Project("{FAE04EC0-301F-11D3-BF4B-00C04F79EFBC}") = "LesonOpenTK", "LesonOpenTK\LesonOpenTK.csproj", "{183719A0-B78F-403A-A46A-1F5AEA32AF97}"
EndProject
Global
	GlobalSection(SolutionConfigurationPlatforms) = preSolution
		Debug|Any CPU = Debug|Any CPU
		Release|Any CPU = Release|Any CPU
	EndGlobalSection
	GlobalSection(ProjectConfigurationPlatforms) = postSolution
		{183719A0-B78F-403A-A46A-1F5AEA32AF97}.Debug|Any CPU.ActiveCfg = Debug|Any CPU
		{183719A0-B78F-403A-A46A-1F5AEA32AF97}.Debug|Any CPU.Build.0 = Debug|Any CPU
		{183719A0-B78F-403A-A46A-1F5AEA32AF97}.Release|Any CPU.ActiveCfg = Release|Any CPU
		{183719A0-B78F-403A-A46A-1F5AEA32AF97}.Release|Any CPU.Build.0 = Release|Any CPU
	EndGlobalSection
	GlobalSection(SolutionProperties) = preSolution
		HideSolutionNode = FALSE
	EndGlobalSection
	GlobalSection(ExtensibilityGlobals) = postSolution
		SolutionGuid = {9253B7E5-2151-4807-8F26-A93EB451446E}
	EndGlobalSection
EndGlobal
